// !$*UTF8*$!
{
	archiveVersion = 1;
	classes = {
	};
	objectVersion = 50;
	objects = {

/* Begin PBXBuildFile section */
		166F872B3DFBB1F0DA13DE1F /* Pods_ProtonAssignmentUITests.framework in Frameworks */ = {isa = PBXBuildFile; fileRef = 55C8900F9477386A3C21FF24 /* Pods_ProtonAssignmentUITests.framework */; };
		BA7BC4BD20A36162006D7369 /* InProgressTaskViewController.swift in Sources */ = {isa = PBXBuildFile; fileRef = BA7BC4BC20A36162006D7369 /* InProgressTaskViewController.swift */; };
		BA7BC4C020A3639F006D7369 /* InProgressTaskTableViewCell.swift in Sources */ = {isa = PBXBuildFile; fileRef = BA7BC4BE20A3639F006D7369 /* InProgressTaskTableViewCell.swift */; };
		BA7BC4C120A3639F006D7369 /* InProgressTaskTableViewCell.xib in Resources */ = {isa = PBXBuildFile; fileRef = BA7BC4BF20A3639F006D7369 /* InProgressTaskTableViewCell.xib */; };
		BA7BC4C520A369AF006D7369 /* CompletedTaskTableViewCell.swift in Sources */ = {isa = PBXBuildFile; fileRef = BA7BC4C320A369AF006D7369 /* CompletedTaskTableViewCell.swift */; };
		BA7BC4C620A369AF006D7369 /* CompletedTaskTableViewCell.xib in Resources */ = {isa = PBXBuildFile; fileRef = BA7BC4C420A369AF006D7369 /* CompletedTaskTableViewCell.xib */; };
		BA7BC4C920A39108006D7369 /* AddTaskViewController.swift in Sources */ = {isa = PBXBuildFile; fileRef = BA7BC4C820A39108006D7369 /* AddTaskViewController.swift */; };
		BA8C24BD20A0B982000882B8 /* AppDelegate.swift in Sources */ = {isa = PBXBuildFile; fileRef = BA8C24BC20A0B982000882B8 /* AppDelegate.swift */; };
		BA8C24D220A0B984000882B8 /* ProtonAssignmentTests.swift in Sources */ = {isa = PBXBuildFile; fileRef = BA8C24D120A0B984000882B8 /* ProtonAssignmentTests.swift */; };
		BA8C24DD20A0B984000882B8 /* ProtonAssignmentUITests.swift in Sources */ = {isa = PBXBuildFile; fileRef = BA8C24DC20A0B984000882B8 /* ProtonAssignmentUITests.swift */; };
		BA97C2A620A48B5C0098096A /* AddTaskTableViewCell.swift in Sources */ = {isa = PBXBuildFile; fileRef = BA97C2A420A48B5C0098096A /* AddTaskTableViewCell.swift */; };
		BA97C2A720A48B5C0098096A /* AddTaskTableViewCell.xib in Resources */ = {isa = PBXBuildFile; fileRef = BA97C2A520A48B5C0098096A /* AddTaskTableViewCell.xib */; };
		BAA92CD720A0BEC500F54870 /* Colors.swift in Sources */ = {isa = PBXBuildFile; fileRef = BAA92CD520A0BEC500F54870 /* Colors.swift */; };
		BAA92CD820A0BEC500F54870 /* Storyboards.swift in Sources */ = {isa = PBXBuildFile; fileRef = BAA92CD620A0BEC500F54870 /* Storyboards.swift */; };
		BAA92CE020A0BF5B00F54870 /* Assets.xcassets in Resources */ = {isa = PBXBuildFile; fileRef = BAA92CDA20A0BF5B00F54870 /* Assets.xcassets */; };
		BAA92CE120A0BF5B00F54870 /* LaunchScreen.storyboard in Resources */ = {isa = PBXBuildFile; fileRef = BAA92CDB20A0BF5B00F54870 /* LaunchScreen.storyboard */; };
		BAA92CE220A0BF5B00F54870 /* Localizable.strings in Resources */ = {isa = PBXBuildFile; fileRef = BAA92CDD20A0BF5B00F54870 /* Localizable.strings */; };
		BAA92CE820A0BF6000F54870 /* Main.storyboard in Resources */ = {isa = PBXBuildFile; fileRef = BAA92CE620A0BF6000F54870 /* Main.storyboard */; };
		BAA92CEB20A0BFA700F54870 /* Images.swift in Sources */ = {isa = PBXBuildFile; fileRef = BAA92CE920A0BFA700F54870 /* Images.swift */; };
		BAA92CEC20A0BFA700F54870 /* Strings.swift in Sources */ = {isa = PBXBuildFile; fileRef = BAA92CEA20A0BFA700F54870 /* Strings.swift */; };
		BAA92CEE20A0CA7E00F54870 /* PageMenuViewController.swift in Sources */ = {isa = PBXBuildFile; fileRef = BAA92CED20A0CA7E00F54870 /* PageMenuViewController.swift */; };
		BAA92CF020A0CD8F00F54870 /* CompletedTaskViewController.swift in Sources */ = {isa = PBXBuildFile; fileRef = BAA92CEF20A0CD8F00F54870 /* CompletedTaskViewController.swift */; };
		BAA92CF220A0CDB000F54870 /* TaskViewController.swift in Sources */ = {isa = PBXBuildFile; fileRef = BAA92CF120A0CDB000F54870 /* TaskViewController.swift */; };
		BAA92CF720A0D48E00F54870 /* TaskTableViewCell.swift in Sources */ = {isa = PBXBuildFile; fileRef = BAA92CF520A0D48E00F54870 /* TaskTableViewCell.swift */; };
		BAA92CF820A0D48E00F54870 /* TaskTableViewCell.xib in Resources */ = {isa = PBXBuildFile; fileRef = BAA92CF620A0D48E00F54870 /* TaskTableViewCell.xib */; };
		BAB752E320A4CE03003C46EB /* Task.swift in Sources */ = {isa = PBXBuildFile; fileRef = BAB752E020A4CE03003C46EB /* Task.swift */; };
		BAB752E520A4D0A1003C46EB /* ProtonAssignment.xcdatamodel in Sources */ = {isa = PBXBuildFile; fileRef = BAB752E420A4D0A1003C46EB /* ProtonAssignment.xcdatamodel */; };
		D204D833E8766174FC133019 /* Pods_ProtonAssignmentTests.framework in Frameworks */ = {isa = PBXBuildFile; fileRef = D52A77B1ECE906D5551F961F /* Pods_ProtonAssignmentTests.framework */; };
		E805BD24EC710FC22A9E2220 /* Pods_ProtonAssignment.framework in Frameworks */ = {isa = PBXBuildFile; fileRef = 35211D47AA4FEF309EAE27B4 /* Pods_ProtonAssignment.framework */; };
/* End PBXBuildFile section */

/* Begin PBXContainerItemProxy section */
		BA8C24CE20A0B984000882B8 /* PBXContainerItemProxy */ = {
			isa = PBXContainerItemProxy;
			containerPortal = BA8C24B120A0B982000882B8 /* Project object */;
			proxyType = 1;
			remoteGlobalIDString = BA8C24B820A0B982000882B8;
			remoteInfo = ProtonAssignment;
		};
		BA8C24D920A0B984000882B8 /* PBXContainerItemProxy */ = {
			isa = PBXContainerItemProxy;
			containerPortal = BA8C24B120A0B982000882B8 /* Project object */;
			proxyType = 1;
			remoteGlobalIDString = BA8C24B820A0B982000882B8;
			remoteInfo = ProtonAssignment;
		};
/* End PBXContainerItemProxy section */

/* Begin PBXFileReference section */
		16F2858F8243D8B364F19E25 /* Pods-ProtonAssignmentTests.debug.xcconfig */ = {isa = PBXFileReference; includeInIndex = 1; lastKnownFileType = text.xcconfig; name = "Pods-ProtonAssignmentTests.debug.xcconfig"; path = "Pods/Target Support Files/Pods-ProtonAssignmentTests/Pods-ProtonAssignmentTests.debug.xcconfig"; sourceTree = "<group>"; };
		1B7D46EA619707020888A6B4 /* Pods-ProtonAssignmentTests.release.xcconfig */ = {isa = PBXFileReference; includeInIndex = 1; lastKnownFileType = text.xcconfig; name = "Pods-ProtonAssignmentTests.release.xcconfig"; path = "Pods/Target Support Files/Pods-ProtonAssignmentTests/Pods-ProtonAssignmentTests.release.xcconfig"; sourceTree = "<group>"; };
		35211D47AA4FEF309EAE27B4 /* Pods_ProtonAssignment.framework */ = {isa = PBXFileReference; explicitFileType = wrapper.framework; includeInIndex = 0; path = Pods_ProtonAssignment.framework; sourceTree = BUILT_PRODUCTS_DIR; };
		55C8900F9477386A3C21FF24 /* Pods_ProtonAssignmentUITests.framework */ = {isa = PBXFileReference; explicitFileType = wrapper.framework; includeInIndex = 0; path = Pods_ProtonAssignmentUITests.framework; sourceTree = BUILT_PRODUCTS_DIR; };
		8BA69D6052387D8A4EBC0B72 /* Pods-ProtonAssignmentUITests.debug.xcconfig */ = {isa = PBXFileReference; includeInIndex = 1; lastKnownFileType = text.xcconfig; name = "Pods-ProtonAssignmentUITests.debug.xcconfig"; path = "Pods/Target Support Files/Pods-ProtonAssignmentUITests/Pods-ProtonAssignmentUITests.debug.xcconfig"; sourceTree = "<group>"; };
		9AF14D71C1A4F6507FE4BCFB /* Pods-ProtonAssignment.debug.xcconfig */ = {isa = PBXFileReference; includeInIndex = 1; lastKnownFileType = text.xcconfig; name = "Pods-ProtonAssignment.debug.xcconfig"; path = "Pods/Target Support Files/Pods-ProtonAssignment/Pods-ProtonAssignment.debug.xcconfig"; sourceTree = "<group>"; };
		BA7BC4BC20A36162006D7369 /* InProgressTaskViewController.swift */ = {isa = PBXFileReference; lastKnownFileType = sourcecode.swift; path = InProgressTaskViewController.swift; sourceTree = "<group>"; };
		BA7BC4BE20A3639F006D7369 /* InProgressTaskTableViewCell.swift */ = {isa = PBXFileReference; lastKnownFileType = sourcecode.swift; path = InProgressTaskTableViewCell.swift; sourceTree = "<group>"; };
		BA7BC4BF20A3639F006D7369 /* InProgressTaskTableViewCell.xib */ = {isa = PBXFileReference; lastKnownFileType = file.xib; path = InProgressTaskTableViewCell.xib; sourceTree = "<group>"; };
		BA7BC4C320A369AF006D7369 /* CompletedTaskTableViewCell.swift */ = {isa = PBXFileReference; lastKnownFileType = sourcecode.swift; path = CompletedTaskTableViewCell.swift; sourceTree = "<group>"; };
		BA7BC4C420A369AF006D7369 /* CompletedTaskTableViewCell.xib */ = {isa = PBXFileReference; lastKnownFileType = file.xib; path = CompletedTaskTableViewCell.xib; sourceTree = "<group>"; };
		BA7BC4C820A39108006D7369 /* AddTaskViewController.swift */ = {isa = PBXFileReference; lastKnownFileType = sourcecode.swift; path = AddTaskViewController.swift; sourceTree = "<group>"; };
		BA8C24B920A0B982000882B8 /* ProtonAssignment.app */ = {isa = PBXFileReference; explicitFileType = wrapper.application; includeInIndex = 0; path = ProtonAssignment.app; sourceTree = BUILT_PRODUCTS_DIR; };
		BA8C24BC20A0B982000882B8 /* AppDelegate.swift */ = {isa = PBXFileReference; lastKnownFileType = sourcecode.swift; path = AppDelegate.swift; sourceTree = "<group>"; };
		BA8C24CD20A0B984000882B8 /* ProtonAssignmentTests.xctest */ = {isa = PBXFileReference; explicitFileType = wrapper.cfbundle; includeInIndex = 0; path = ProtonAssignmentTests.xctest; sourceTree = BUILT_PRODUCTS_DIR; };
		BA8C24D120A0B984000882B8 /* ProtonAssignmentTests.swift */ = {isa = PBXFileReference; lastKnownFileType = sourcecode.swift; path = ProtonAssignmentTests.swift; sourceTree = "<group>"; };
		BA8C24D320A0B984000882B8 /* Info.plist */ = {isa = PBXFileReference; lastKnownFileType = text.plist.xml; path = Info.plist; sourceTree = "<group>"; };
		BA8C24D820A0B984000882B8 /* ProtonAssignmentUITests.xctest */ = {isa = PBXFileReference; explicitFileType = wrapper.cfbundle; includeInIndex = 0; path = ProtonAssignmentUITests.xctest; sourceTree = BUILT_PRODUCTS_DIR; };
		BA8C24DC20A0B984000882B8 /* ProtonAssignmentUITests.swift */ = {isa = PBXFileReference; lastKnownFileType = sourcecode.swift; path = ProtonAssignmentUITests.swift; sourceTree = "<group>"; };
		BA8C24DE20A0B984000882B8 /* Info.plist */ = {isa = PBXFileReference; lastKnownFileType = text.plist.xml; path = Info.plist; sourceTree = "<group>"; };
		BA97C2A420A48B5C0098096A /* AddTaskTableViewCell.swift */ = {isa = PBXFileReference; lastKnownFileType = sourcecode.swift; path = AddTaskTableViewCell.swift; sourceTree = "<group>"; };
		BA97C2A520A48B5C0098096A /* AddTaskTableViewCell.xib */ = {isa = PBXFileReference; lastKnownFileType = file.xib; path = AddTaskTableViewCell.xib; sourceTree = "<group>"; };
		BAA92CD220A0BDB000F54870 /* Colors.txt */ = {isa = PBXFileReference; fileEncoding = 4; lastKnownFileType = text; path = Colors.txt; sourceTree = "<group>"; };
		BAA92CD520A0BEC500F54870 /* Colors.swift */ = {isa = PBXFileReference; fileEncoding = 4; lastKnownFileType = sourcecode.swift; path = Colors.swift; sourceTree = "<group>"; };
		BAA92CD620A0BEC500F54870 /* Storyboards.swift */ = {isa = PBXFileReference; fileEncoding = 4; lastKnownFileType = sourcecode.swift; path = Storyboards.swift; sourceTree = "<group>"; };
		BAA92CDA20A0BF5B00F54870 /* Assets.xcassets */ = {isa = PBXFileReference; lastKnownFileType = folder.assetcatalog; path = Assets.xcassets; sourceTree = "<group>"; };
		BAA92CDC20A0BF5B00F54870 /* Base */ = {isa = PBXFileReference; lastKnownFileType = file.storyboard; name = Base; path = Base.lproj/LaunchScreen.storyboard; sourceTree = "<group>"; };
		BAA92CDE20A0BF5B00F54870 /* Base */ = {isa = PBXFileReference; lastKnownFileType = text.plist.strings; name = Base; path = Base.lproj/Localizable.strings; sourceTree = "<group>"; };
		BAA92CDF20A0BF5B00F54870 /* Info.plist */ = {isa = PBXFileReference; fileEncoding = 4; lastKnownFileType = text.plist.xml; path = Info.plist; sourceTree = "<group>"; };
		BAA92CE620A0BF6000F54870 /* Main.storyboard */ = {isa = PBXFileReference; fileEncoding = 4; lastKnownFileType = file.storyboard; path = Main.storyboard; sourceTree = "<group>"; };
		BAA92CE920A0BFA700F54870 /* Images.swift */ = {isa = PBXFileReference; fileEncoding = 4; lastKnownFileType = sourcecode.swift; path = Images.swift; sourceTree = "<group>"; };
		BAA92CEA20A0BFA700F54870 /* Strings.swift */ = {isa = PBXFileReference; fileEncoding = 4; lastKnownFileType = sourcecode.swift; path = Strings.swift; sourceTree = "<group>"; };
		BAA92CED20A0CA7E00F54870 /* PageMenuViewController.swift */ = {isa = PBXFileReference; lastKnownFileType = sourcecode.swift; path = PageMenuViewController.swift; sourceTree = "<group>"; };
		BAA92CEF20A0CD8F00F54870 /* CompletedTaskViewController.swift */ = {isa = PBXFileReference; lastKnownFileType = sourcecode.swift; path = CompletedTaskViewController.swift; sourceTree = "<group>"; };
		BAA92CF120A0CDB000F54870 /* TaskViewController.swift */ = {isa = PBXFileReference; lastKnownFileType = sourcecode.swift; path = TaskViewController.swift; sourceTree = "<group>"; };
		BAA92CF520A0D48E00F54870 /* TaskTableViewCell.swift */ = {isa = PBXFileReference; lastKnownFileType = sourcecode.swift; path = TaskTableViewCell.swift; sourceTree = "<group>"; };
		BAA92CF620A0D48E00F54870 /* TaskTableViewCell.xib */ = {isa = PBXFileReference; lastKnownFileType = file.xib; path = TaskTableViewCell.xib; sourceTree = "<group>"; };
		BAB752E020A4CE03003C46EB /* Task.swift */ = {isa = PBXFileReference; fileEncoding = 4; lastKnownFileType = sourcecode.swift; path = Task.swift; sourceTree = "<group>"; };
		BAB752E420A4D0A1003C46EB /* ProtonAssignment.xcdatamodel */ = {isa = PBXFileReference; lastKnownFileType = wrapper.xcdatamodel; path = ProtonAssignment.xcdatamodel; sourceTree = SOURCE_ROOT; };
		D52A77B1ECE906D5551F961F /* Pods_ProtonAssignmentTests.framework */ = {isa = PBXFileReference; explicitFileType = wrapper.framework; includeInIndex = 0; path = Pods_ProtonAssignmentTests.framework; sourceTree = BUILT_PRODUCTS_DIR; };
		D53B0D65A52601EE8DBF46BE /* Pods-ProtonAssignment.release.xcconfig */ = {isa = PBXFileReference; includeInIndex = 1; lastKnownFileType = text.xcconfig; name = "Pods-ProtonAssignment.release.xcconfig"; path = "Pods/Target Support Files/Pods-ProtonAssignment/Pods-ProtonAssignment.release.xcconfig"; sourceTree = "<group>"; };
		DCE3E7294570D153299DDD05 /* Pods-ProtonAssignmentUITests.release.xcconfig */ = {isa = PBXFileReference; includeInIndex = 1; lastKnownFileType = text.xcconfig; name = "Pods-ProtonAssignmentUITests.release.xcconfig"; path = "Pods/Target Support Files/Pods-ProtonAssignmentUITests/Pods-ProtonAssignmentUITests.release.xcconfig"; sourceTree = "<group>"; };
/* End PBXFileReference section */

/* Begin PBXFrameworksBuildPhase section */
		BA8C24B620A0B982000882B8 /* Frameworks */ = {
			isa = PBXFrameworksBuildPhase;
			buildActionMask = 2147483647;
			files = (
				E805BD24EC710FC22A9E2220 /* Pods_ProtonAssignment.framework in Frameworks */,
			);
			runOnlyForDeploymentPostprocessing = 0;
		};
		BA8C24CA20A0B984000882B8 /* Frameworks */ = {
			isa = PBXFrameworksBuildPhase;
			buildActionMask = 2147483647;
			files = (
				D204D833E8766174FC133019 /* Pods_ProtonAssignmentTests.framework in Frameworks */,
			);
			runOnlyForDeploymentPostprocessing = 0;
		};
		BA8C24D520A0B984000882B8 /* Frameworks */ = {
			isa = PBXFrameworksBuildPhase;
			buildActionMask = 2147483647;
			files = (
				166F872B3DFBB1F0DA13DE1F /* Pods_ProtonAssignmentUITests.framework in Frameworks */,
			);
			runOnlyForDeploymentPostprocessing = 0;
		};
/* End PBXFrameworksBuildPhase section */

/* Begin PBXGroup section */
		4B8D77BA7F4266590F80BE30 /* Pods */ = {
			isa = PBXGroup;
			children = (
				9AF14D71C1A4F6507FE4BCFB /* Pods-ProtonAssignment.debug.xcconfig */,
				D53B0D65A52601EE8DBF46BE /* Pods-ProtonAssignment.release.xcconfig */,
				16F2858F8243D8B364F19E25 /* Pods-ProtonAssignmentTests.debug.xcconfig */,
				1B7D46EA619707020888A6B4 /* Pods-ProtonAssignmentTests.release.xcconfig */,
				8BA69D6052387D8A4EBC0B72 /* Pods-ProtonAssignmentUITests.debug.xcconfig */,
				DCE3E7294570D153299DDD05 /* Pods-ProtonAssignmentUITests.release.xcconfig */,
			);
			name = Pods;
			sourceTree = "<group>";
		};
		BA7BC4BA20A36130006D7369 /* CompletedTask */ = {
			isa = PBXGroup;
			children = (
				BAA92CEF20A0CD8F00F54870 /* CompletedTaskViewController.swift */,
				BA7BC4C320A369AF006D7369 /* CompletedTaskTableViewCell.swift */,
				BA7BC4C420A369AF006D7369 /* CompletedTaskTableViewCell.xib */,
			);
			name = CompletedTask;
			sourceTree = "<group>";
		};
		BA7BC4BB20A3613B006D7369 /* InProgressTask */ = {
			isa = PBXGroup;
			children = (
				BA7BC4BC20A36162006D7369 /* InProgressTaskViewController.swift */,
				BA7BC4BE20A3639F006D7369 /* InProgressTaskTableViewCell.swift */,
				BA7BC4BF20A3639F006D7369 /* InProgressTaskTableViewCell.xib */,
			);
			name = InProgressTask;
			sourceTree = "<group>";
		};
		BA7BC4C720A390F6006D7369 /* AddTask */ = {
			isa = PBXGroup;
			children = (
				BA7BC4C820A39108006D7369 /* AddTaskViewController.swift */,
				BA97C2A420A48B5C0098096A /* AddTaskTableViewCell.swift */,
				BA97C2A520A48B5C0098096A /* AddTaskTableViewCell.xib */,
			);
			path = AddTask;
			sourceTree = "<group>";
		};
		BA8C24B020A0B982000882B8 = {
			isa = PBXGroup;
			children = (
				BA8C24BB20A0B982000882B8 /* ProtonAssignment */,
				BA8C24D020A0B984000882B8 /* ProtonAssignmentTests */,
				BA8C24DB20A0B984000882B8 /* ProtonAssignmentUITests */,
				BA8C24BA20A0B982000882B8 /* Products */,
				4B8D77BA7F4266590F80BE30 /* Pods */,
				C45A59893C94ED4A08DC2557 /* Frameworks */,
			);
			sourceTree = "<group>";
		};
		BA8C24BA20A0B982000882B8 /* Products */ = {
			isa = PBXGroup;
			children = (
				BA8C24B920A0B982000882B8 /* ProtonAssignment.app */,
				BA8C24CD20A0B984000882B8 /* ProtonAssignmentTests.xctest */,
				BA8C24D820A0B984000882B8 /* ProtonAssignmentUITests.xctest */,
			);
			name = Products;
			sourceTree = "<group>";
		};
		BA8C24BB20A0B982000882B8 /* ProtonAssignment */ = {
			isa = PBXGroup;
			children = (
				BA8C24BC20A0B982000882B8 /* AppDelegate.swift */,
				BAB752DB20A4CE03003C46EB /* Models */,
				BAA92CD120A0BDB000F54870 /* Constants */,
				BAA92CE420A0BF6000F54870 /* Modules */,
				BAA92CD920A0BF5B00F54870 /* Ressources */,
			);
			path = ProtonAssignment;
			sourceTree = "<group>";
		};
		BA8C24D020A0B984000882B8 /* ProtonAssignmentTests */ = {
			isa = PBXGroup;
			children = (
				BA8C24D120A0B984000882B8 /* ProtonAssignmentTests.swift */,
				BA8C24D320A0B984000882B8 /* Info.plist */,
			);
			path = ProtonAssignmentTests;
			sourceTree = "<group>";
		};
		BA8C24DB20A0B984000882B8 /* ProtonAssignmentUITests */ = {
			isa = PBXGroup;
			children = (
				BA8C24DC20A0B984000882B8 /* ProtonAssignmentUITests.swift */,
				BA8C24DE20A0B984000882B8 /* Info.plist */,
			);
			path = ProtonAssignmentUITests;
			sourceTree = "<group>";
		};
		BAA92CD120A0BDB000F54870 /* Constants */ = {
			isa = PBXGroup;
			children = (
				BAA92CE920A0BFA700F54870 /* Images.swift */,
				BAA92CEA20A0BFA700F54870 /* Strings.swift */,
				BAA92CD520A0BEC500F54870 /* Colors.swift */,
				BAA92CD620A0BEC500F54870 /* Storyboards.swift */,
				BAA92CD220A0BDB000F54870 /* Colors.txt */,
			);
			path = Constants;
			sourceTree = "<group>";
		};
		BAA92CD920A0BF5B00F54870 /* Ressources */ = {
			isa = PBXGroup;
			children = (
				BAB752E420A4D0A1003C46EB /* ProtonAssignment.xcdatamodel */,
				BAA92CDA20A0BF5B00F54870 /* Assets.xcassets */,
				BAA92CDB20A0BF5B00F54870 /* LaunchScreen.storyboard */,
				BAA92CDD20A0BF5B00F54870 /* Localizable.strings */,
				BAA92CDF20A0BF5B00F54870 /* Info.plist */,
			);
			path = Ressources;
			sourceTree = "<group>";
		};
		BAA92CE420A0BF6000F54870 /* Modules */ = {
			isa = PBXGroup;
			children = (
				BA7BC4C720A390F6006D7369 /* AddTask */,
				BA7BC4BB20A3613B006D7369 /* InProgressTask */,
				BA7BC4BA20A36130006D7369 /* CompletedTask */,
				BAA92CF420A0D45600F54870 /* Task */,
				BAA92CE620A0BF6000F54870 /* Main.storyboard */,
				BAA92CED20A0CA7E00F54870 /* PageMenuViewController.swift */,
			);
			path = Modules;
			sourceTree = "<group>";
		};
		BAA92CF420A0D45600F54870 /* Task */ = {
			isa = PBXGroup;
			children = (
				BAA92CF120A0CDB000F54870 /* TaskViewController.swift */,
				BAA92CF520A0D48E00F54870 /* TaskTableViewCell.swift */,
				BAA92CF620A0D48E00F54870 /* TaskTableViewCell.xib */,
			);
			path = Task;
			sourceTree = "<group>";
		};
		BAB752DB20A4CE03003C46EB /* Models */ = {
			isa = PBXGroup;
			children = (
				BAB752DF20A4CE03003C46EB /* Realm */,
			);
			path = Models;
			sourceTree = "<group>";
		};
		BAB752DF20A4CE03003C46EB /* Realm */ = {
			isa = PBXGroup;
			children = (
				BAB752E020A4CE03003C46EB /* Task.swift */,
			);
			path = Realm;
			sourceTree = "<group>";
		};
		C45A59893C94ED4A08DC2557 /* Frameworks */ = {
			isa = PBXGroup;
			children = (
				35211D47AA4FEF309EAE27B4 /* Pods_ProtonAssignment.framework */,
				D52A77B1ECE906D5551F961F /* Pods_ProtonAssignmentTests.framework */,
				55C8900F9477386A3C21FF24 /* Pods_ProtonAssignmentUITests.framework */,
			);
			name = Frameworks;
			sourceTree = "<group>";
		};
/* End PBXGroup section */

/* Begin PBXNativeTarget section */
		BA8C24B820A0B982000882B8 /* ProtonAssignment */ = {
			isa = PBXNativeTarget;
			buildConfigurationList = BA8C24E120A0B984000882B8 /* Build configuration list for PBXNativeTarget "ProtonAssignment" */;
			buildPhases = (
				C1F2A4F959B679BD71ADFC82 /* [CP] Check Pods Manifest.lock */,
				BAA92CD420A0BE9C00F54870 /* SwiftGen */,
				BAA92CD020A0BC5800F54870 /* SwiftLint */,
				BA8C24B520A0B982000882B8 /* Sources */,
				BA8C24B620A0B982000882B8 /* Frameworks */,
				BA8C24B720A0B982000882B8 /* Resources */,
				E997E435E8C39C83861894DA /* [CP] Embed Pods Frameworks */,
				E6CA2722055B0CA921545B0D /* [CP] Copy Pods Resources */,
			);
			buildRules = (
			);
			dependencies = (
			);
			name = ProtonAssignment;
			productName = ProtonAssignment;
			productReference = BA8C24B920A0B982000882B8 /* ProtonAssignment.app */;
			productType = "com.apple.product-type.application";
		};
		BA8C24CC20A0B984000882B8 /* ProtonAssignmentTests */ = {
			isa = PBXNativeTarget;
			buildConfigurationList = BA8C24E420A0B984000882B8 /* Build configuration list for PBXNativeTarget "ProtonAssignmentTests" */;
			buildPhases = (
				9FC9756317417A2892F8FB2B /* [CP] Check Pods Manifest.lock */,
				BA8C24C920A0B984000882B8 /* Sources */,
				BA8C24CA20A0B984000882B8 /* Frameworks */,
				BA8C24CB20A0B984000882B8 /* Resources */,
				6FF991356E0DD0289BC7773A /* [CP] Embed Pods Frameworks */,
				C09AEBB7F83858D9152E943A /* [CP] Copy Pods Resources */,
			);
			buildRules = (
			);
			dependencies = (
				BA8C24CF20A0B984000882B8 /* PBXTargetDependency */,
			);
			name = ProtonAssignmentTests;
			productName = ProtonAssignmentTests;
			productReference = BA8C24CD20A0B984000882B8 /* ProtonAssignmentTests.xctest */;
			productType = "com.apple.product-type.bundle.unit-test";
		};
		BA8C24D720A0B984000882B8 /* ProtonAssignmentUITests */ = {
			isa = PBXNativeTarget;
			buildConfigurationList = BA8C24E720A0B984000882B8 /* Build configuration list for PBXNativeTarget "ProtonAssignmentUITests" */;
			buildPhases = (
				5E1E61A9F8EE4CC4A8798616 /* [CP] Check Pods Manifest.lock */,
				BA8C24D420A0B984000882B8 /* Sources */,
				BA8C24D520A0B984000882B8 /* Frameworks */,
				BA8C24D620A0B984000882B8 /* Resources */,
				07D97BF29CC9A1DF10EA61E6 /* [CP] Embed Pods Frameworks */,
				ACF987C6BFBE1667B2AC2F8B /* [CP] Copy Pods Resources */,
			);
			buildRules = (
			);
			dependencies = (
				BA8C24DA20A0B984000882B8 /* PBXTargetDependency */,
			);
			name = ProtonAssignmentUITests;
			productName = ProtonAssignmentUITests;
			productReference = BA8C24D820A0B984000882B8 /* ProtonAssignmentUITests.xctest */;
			productType = "com.apple.product-type.bundle.ui-testing";
		};
/* End PBXNativeTarget section */

/* Begin PBXProject section */
		BA8C24B120A0B982000882B8 /* Project object */ = {
			isa = PBXProject;
			attributes = {
				LastSwiftUpdateCheck = 0930;
				LastUpgradeCheck = 0930;
				ORGANIZATIONNAME = proton;
				TargetAttributes = {
					BA8C24B820A0B982000882B8 = {
						CreatedOnToolsVersion = 9.3;
						LastSwiftMigration = 0930;
					};
					BA8C24CC20A0B984000882B8 = {
						CreatedOnToolsVersion = 9.3;
						TestTargetID = BA8C24B820A0B982000882B8;
					};
					BA8C24D720A0B984000882B8 = {
						CreatedOnToolsVersion = 9.3;
						TestTargetID = BA8C24B820A0B982000882B8;
					};
				};
			};
			buildConfigurationList = BA8C24B420A0B982000882B8 /* Build configuration list for PBXProject "ProtonAssignment" */;
			compatibilityVersion = "Xcode 9.3";
			developmentRegion = en;
			hasScannedForEncodings = 0;
			knownRegions = (
				en,
				Base,
			);
			mainGroup = BA8C24B020A0B982000882B8;
			productRefGroup = BA8C24BA20A0B982000882B8 /* Products */;
			projectDirPath = "";
			projectRoot = "";
			targets = (
				BA8C24B820A0B982000882B8 /* ProtonAssignment */,
				BA8C24CC20A0B984000882B8 /* ProtonAssignmentTests */,
				BA8C24D720A0B984000882B8 /* ProtonAssignmentUITests */,
			);
		};
/* End PBXProject section */

/* Begin PBXResourcesBuildPhase section */
		BA8C24B720A0B982000882B8 /* Resources */ = {
			isa = PBXResourcesBuildPhase;
			buildActionMask = 2147483647;
			files = (
				BA97C2A720A48B5C0098096A /* AddTaskTableViewCell.xib in Resources */,
				BA7BC4C120A3639F006D7369 /* InProgressTaskTableViewCell.xib in Resources */,
				BAA92CE120A0BF5B00F54870 /* LaunchScreen.storyboard in Resources */,
				BAA92CE220A0BF5B00F54870 /* Localizable.strings in Resources */,
				BA7BC4C620A369AF006D7369 /* CompletedTaskTableViewCell.xib in Resources */,
				BAA92CE020A0BF5B00F54870 /* Assets.xcassets in Resources */,
				BAA92CE820A0BF6000F54870 /* Main.storyboard in Resources */,
				BAA92CF820A0D48E00F54870 /* TaskTableViewCell.xib in Resources */,
			);
			runOnlyForDeploymentPostprocessing = 0;
		};
		BA8C24CB20A0B984000882B8 /* Resources */ = {
			isa = PBXResourcesBuildPhase;
			buildActionMask = 2147483647;
			files = (
			);
			runOnlyForDeploymentPostprocessing = 0;
		};
		BA8C24D620A0B984000882B8 /* Resources */ = {
			isa = PBXResourcesBuildPhase;
			buildActionMask = 2147483647;
			files = (
			);
			runOnlyForDeploymentPostprocessing = 0;
		};
/* End PBXResourcesBuildPhase section */

/* Begin PBXShellScriptBuildPhase section */
		07D97BF29CC9A1DF10EA61E6 /* [CP] Embed Pods Frameworks */ = {
			isa = PBXShellScriptBuildPhase;
			buildActionMask = 2147483647;
			files = (
			);
			inputPaths = (
			);
			name = "[CP] Embed Pods Frameworks";
			outputPaths = (
			);
			runOnlyForDeploymentPostprocessing = 0;
			shellPath = /bin/sh;
			shellScript = "\"${SRCROOT}/Pods/Target Support Files/Pods-ProtonAssignmentUITests/Pods-ProtonAssignmentUITests-frameworks.sh\"\n";
			showEnvVarsInLog = 0;
		};
		5E1E61A9F8EE4CC4A8798616 /* [CP] Check Pods Manifest.lock */ = {
			isa = PBXShellScriptBuildPhase;
			buildActionMask = 2147483647;
			files = (
			);
			inputPaths = (
				"${PODS_PODFILE_DIR_PATH}/Podfile.lock",
				"${PODS_ROOT}/Manifest.lock",
			);
			name = "[CP] Check Pods Manifest.lock";
			outputPaths = (
				"$(DERIVED_FILE_DIR)/Pods-ProtonAssignmentUITests-checkManifestLockResult.txt",
			);
			runOnlyForDeploymentPostprocessing = 0;
			shellPath = /bin/sh;
			shellScript = "diff \"${PODS_PODFILE_DIR_PATH}/Podfile.lock\" \"${PODS_ROOT}/Manifest.lock\" > /dev/null\nif [ $? != 0 ] ; then\n    # print error to STDERR\n    echo \"error: The sandbox is not in sync with the Podfile.lock. Run 'pod install' or update your CocoaPods installation.\" >&2\n    exit 1\nfi\n# This output is used by Xcode 'outputs' to avoid re-running this script phase.\necho \"SUCCESS\" > \"${SCRIPT_OUTPUT_FILE_0}\"\n";
			showEnvVarsInLog = 0;
		};
		6FF991356E0DD0289BC7773A /* [CP] Embed Pods Frameworks */ = {
			isa = PBXShellScriptBuildPhase;
			buildActionMask = 2147483647;
			files = (
			);
			inputPaths = (
			);
			name = "[CP] Embed Pods Frameworks";
			outputPaths = (
			);
			runOnlyForDeploymentPostprocessing = 0;
			shellPath = /bin/sh;
			shellScript = "\"${SRCROOT}/Pods/Target Support Files/Pods-ProtonAssignmentTests/Pods-ProtonAssignmentTests-frameworks.sh\"\n";
			showEnvVarsInLog = 0;
		};
		9FC9756317417A2892F8FB2B /* [CP] Check Pods Manifest.lock */ = {
			isa = PBXShellScriptBuildPhase;
			buildActionMask = 2147483647;
			files = (
			);
			inputPaths = (
				"${PODS_PODFILE_DIR_PATH}/Podfile.lock",
				"${PODS_ROOT}/Manifest.lock",
			);
			name = "[CP] Check Pods Manifest.lock";
			outputPaths = (
				"$(DERIVED_FILE_DIR)/Pods-ProtonAssignmentTests-checkManifestLockResult.txt",
			);
			runOnlyForDeploymentPostprocessing = 0;
			shellPath = /bin/sh;
			shellScript = "diff \"${PODS_PODFILE_DIR_PATH}/Podfile.lock\" \"${PODS_ROOT}/Manifest.lock\" > /dev/null\nif [ $? != 0 ] ; then\n    # print error to STDERR\n    echo \"error: The sandbox is not in sync with the Podfile.lock. Run 'pod install' or update your CocoaPods installation.\" >&2\n    exit 1\nfi\n# This output is used by Xcode 'outputs' to avoid re-running this script phase.\necho \"SUCCESS\" > \"${SCRIPT_OUTPUT_FILE_0}\"\n";
			showEnvVarsInLog = 0;
		};
		ACF987C6BFBE1667B2AC2F8B /* [CP] Copy Pods Resources */ = {
			isa = PBXShellScriptBuildPhase;
			buildActionMask = 2147483647;
			files = (
			);
			inputPaths = (
			);
			name = "[CP] Copy Pods Resources";
			outputPaths = (
			);
			runOnlyForDeploymentPostprocessing = 0;
			shellPath = /bin/sh;
			shellScript = "\"${SRCROOT}/Pods/Target Support Files/Pods-ProtonAssignmentUITests/Pods-ProtonAssignmentUITests-resources.sh\"\n";
			showEnvVarsInLog = 0;
		};
		BAA92CD020A0BC5800F54870 /* SwiftLint */ = {
			isa = PBXShellScriptBuildPhase;
			buildActionMask = 2147483647;
			files = (
			);
			inputPaths = (
			);
			name = SwiftLint;
			outputPaths = (
			);
			runOnlyForDeploymentPostprocessing = 0;
			shellPath = /bin/sh;
			shellScript = "if which swiftlint > /dev/null; then\n${PODS_ROOT}/SwiftLint/swiftlint\nelse\necho \"warning: SwiftLint not installed, download from https://github.com/realm/SwiftLint\"\nfi";
		};
		BAA92CD420A0BE9C00F54870 /* SwiftGen */ = {
			isa = PBXShellScriptBuildPhase;
			buildActionMask = 2147483647;
			files = (
			);
			inputPaths = (
			);
			name = SwiftGen;
			outputPaths = (
			);
			runOnlyForDeploymentPostprocessing = 0;
			shellPath = /bin/sh;
			shellScript = "if which swiftgen >/dev/null; then\nSRCDIR=\"$PROJECT_DIR/ProtonAssignment\"\n$PODS_ROOT/SwiftGen/bin/swiftgen storyboards -t swift3 \"$SRCDIR\" --output \"$SRCDIR/Constants/Storyboards.swift\"\n$PODS_ROOT/SwiftGen/bin/swiftgen xcassets -t swift3 \"$SRCDIR/Ressources/Assets.xcassets\" --output \"$SRCDIR/Constants/Images.swift\"\n$PODS_ROOT/SwiftGen/bin/swiftgen strings -t structured-swift3 \"$SRCDIR/Ressources/Base.lproj/Localizable.strings\" --output \"$SRCDIR/Constants/Strings.swift\"\n$PODS_ROOT/SwiftGen/bin/swiftgen colors -t swift3 \"$SRCDIR/Constants/colors.txt\" --output \"$SRCDIR/Constants/Colors.swift\"\nelse\necho \"warning: SwiftGen not installed, download it from https://github.com/AliSoftware/SwiftGen\"\nfi";
		};
		C09AEBB7F83858D9152E943A /* [CP] Copy Pods Resources */ = {
			isa = PBXShellScriptBuildPhase;
			buildActionMask = 2147483647;
			files = (
			);
			inputPaths = (
			);
			name = "[CP] Copy Pods Resources";
			outputPaths = (
			);
			runOnlyForDeploymentPostprocessing = 0;
			shellPath = /bin/sh;
			shellScript = "\"${SRCROOT}/Pods/Target Support Files/Pods-ProtonAssignmentTests/Pods-ProtonAssignmentTests-resources.sh\"\n";
			showEnvVarsInLog = 0;
		};
		C1F2A4F959B679BD71ADFC82 /* [CP] Check Pods Manifest.lock */ = {
			isa = PBXShellScriptBuildPhase;
			buildActionMask = 2147483647;
			files = (
			);
			inputPaths = (
				"${PODS_PODFILE_DIR_PATH}/Podfile.lock",
				"${PODS_ROOT}/Manifest.lock",
			);
			name = "[CP] Check Pods Manifest.lock";
			outputPaths = (
				"$(DERIVED_FILE_DIR)/Pods-ProtonAssignment-checkManifestLockResult.txt",
			);
			runOnlyForDeploymentPostprocessing = 0;
			shellPath = /bin/sh;
			shellScript = "diff \"${PODS_PODFILE_DIR_PATH}/Podfile.lock\" \"${PODS_ROOT}/Manifest.lock\" > /dev/null\nif [ $? != 0 ] ; then\n    # print error to STDERR\n    echo \"error: The sandbox is not in sync with the Podfile.lock. Run 'pod install' or update your CocoaPods installation.\" >&2\n    exit 1\nfi\n# This output is used by Xcode 'outputs' to avoid re-running this script phase.\necho \"SUCCESS\" > \"${SCRIPT_OUTPUT_FILE_0}\"\n";
			showEnvVarsInLog = 0;
		};
		E6CA2722055B0CA921545B0D /* [CP] Copy Pods Resources */ = {
			isa = PBXShellScriptBuildPhase;
			buildActionMask = 2147483647;
			files = (
			);
			inputPaths = (
			);
			name = "[CP] Copy Pods Resources";
			outputPaths = (
			);
			runOnlyForDeploymentPostprocessing = 0;
			shellPath = /bin/sh;
			shellScript = "\"${SRCROOT}/Pods/Target Support Files/Pods-ProtonAssignment/Pods-ProtonAssignment-resources.sh\"\n";
			showEnvVarsInLog = 0;
		};
		E997E435E8C39C83861894DA /* [CP] Embed Pods Frameworks */ = {
			isa = PBXShellScriptBuildPhase;
			buildActionMask = 2147483647;
			files = (
			);
			inputPaths = (
				"${SRCROOT}/Pods/Target Support Files/Pods-ProtonAssignment/Pods-ProtonAssignment-frameworks.sh",
				"${BUILT_PRODUCTS_DIR}/PageMenu/PageMenu.framework",
				"${BUILT_PRODUCTS_DIR}/Realm/Realm.framework",
				"${BUILT_PRODUCTS_DIR}/RealmSwift/RealmSwift.framework",
				"${BUILT_PRODUCTS_DIR}/Reusable/Reusable.framework",
				"${BUILT_PRODUCTS_DIR}/SkyFloatingLabelTextField/SkyFloatingLabelTextField.framework",
			);
			name = "[CP] Embed Pods Frameworks";
			outputPaths = (
				"${TARGET_BUILD_DIR}/${FRAMEWORKS_FOLDER_PATH}/PageMenu.framework",
				"${TARGET_BUILD_DIR}/${FRAMEWORKS_FOLDER_PATH}/Realm.framework",
				"${TARGET_BUILD_DIR}/${FRAMEWORKS_FOLDER_PATH}/RealmSwift.framework",
				"${TARGET_BUILD_DIR}/${FRAMEWORKS_FOLDER_PATH}/Reusable.framework",
				"${TARGET_BUILD_DIR}/${FRAMEWORKS_FOLDER_PATH}/SkyFloatingLabelTextField.framework",
			);
			runOnlyForDeploymentPostprocessing = 0;
			shellPath = /bin/sh;
			shellScript = "\"${SRCROOT}/Pods/Target Support Files/Pods-ProtonAssignment/Pods-ProtonAssignment-frameworks.sh\"\n";
			showEnvVarsInLog = 0;
		};
/* End PBXShellScriptBuildPhase section */

/* Begin PBXSourcesBuildPhase section */
		BA8C24B520A0B982000882B8 /* Sources */ = {
			isa = PBXSourcesBuildPhase;
			buildActionMask = 2147483647;
			files = (
				BAA92CD820A0BEC500F54870 /* Storyboards.swift in Sources */,
				BAA92CD720A0BEC500F54870 /* Colors.swift in Sources */,
				BA97C2A620A48B5C0098096A /* AddTaskTableViewCell.swift in Sources */,
				BAA92CF720A0D48E00F54870 /* TaskTableViewCell.swift in Sources */,
				BAA92CEB20A0BFA700F54870 /* Images.swift in Sources */,
				BAA92CEC20A0BFA700F54870 /* Strings.swift in Sources */,
				BAA92CEE20A0CA7E00F54870 /* PageMenuViewController.swift in Sources */,
				BAA92CF220A0CDB000F54870 /* TaskViewController.swift in Sources */,
				BAB752E320A4CE03003C46EB /* Task.swift in Sources */,
				BA7BC4BD20A36162006D7369 /* InProgressTaskViewController.swift in Sources */,
				BA7BC4C520A369AF006D7369 /* CompletedTaskTableViewCell.swift in Sources */,
				BAB752E520A4D0A1003C46EB /* ProtonAssignment.xcdatamodel in Sources */,
				BAA92CF020A0CD8F00F54870 /* CompletedTaskViewController.swift in Sources */,
				BA8C24BD20A0B982000882B8 /* AppDelegate.swift in Sources */,
				BA7BC4C020A3639F006D7369 /* InProgressTaskTableViewCell.swift in Sources */,
				BA7BC4C920A39108006D7369 /* AddTaskViewController.swift in Sources */,
			);
			runOnlyForDeploymentPostprocessing = 0;
		};
		BA8C24C920A0B984000882B8 /* Sources */ = {
			isa = PBXSourcesBuildPhase;
			buildActionMask = 2147483647;
			files = (
				BA8C24D220A0B984000882B8 /* ProtonAssignmentTests.swift in Sources */,
			);
			runOnlyForDeploymentPostprocessing = 0;
		};
		BA8C24D420A0B984000882B8 /* Sources */ = {
			isa = PBXSourcesBuildPhase;
			buildActionMask = 2147483647;
			files = (
				BA8C24DD20A0B984000882B8 /* ProtonAssignmentUITests.swift in Sources */,
			);
			runOnlyForDeploymentPostprocessing = 0;
		};
/* End PBXSourcesBuildPhase section */

/* Begin PBXTargetDependency section */
		BA8C24CF20A0B984000882B8 /* PBXTargetDependency */ = {
			isa = PBXTargetDependency;
			target = BA8C24B820A0B982000882B8 /* ProtonAssignment */;
			targetProxy = BA8C24CE20A0B984000882B8 /* PBXContainerItemProxy */;
		};
		BA8C24DA20A0B984000882B8 /* PBXTargetDependency */ = {
			isa = PBXTargetDependency;
			target = BA8C24B820A0B982000882B8 /* ProtonAssignment */;
			targetProxy = BA8C24D920A0B984000882B8 /* PBXContainerItemProxy */;
		};
/* End PBXTargetDependency section */

/* Begin PBXVariantGroup section */
		BAA92CDB20A0BF5B00F54870 /* LaunchScreen.storyboard */ = {
			isa = PBXVariantGroup;
			children = (
				BAA92CDC20A0BF5B00F54870 /* Base */,
			);
			name = LaunchScreen.storyboard;
			sourceTree = "<group>";
		};
		BAA92CDD20A0BF5B00F54870 /* Localizable.strings */ = {
			isa = PBXVariantGroup;
			children = (
				BAA92CDE20A0BF5B00F54870 /* Base */,
			);
			name = Localizable.strings;
			sourceTree = "<group>";
		};
/* End PBXVariantGroup section */

/* Begin XCBuildConfiguration section */
		BA8C24DF20A0B984000882B8 /* Debug */ = {
			isa = XCBuildConfiguration;
			buildSettings = {
				ALWAYS_SEARCH_USER_PATHS = NO;
				CLANG_ANALYZER_NONNULL = YES;
				CLANG_ANALYZER_NUMBER_OBJECT_CONVERSION = YES_AGGRESSIVE;
				CLANG_CXX_LANGUAGE_STANDARD = "gnu++14";
				CLANG_CXX_LIBRARY = "libc++";
				CLANG_ENABLE_MODULES = YES;
				CLANG_ENABLE_OBJC_ARC = YES;
				CLANG_ENABLE_OBJC_WEAK = YES;
				CLANG_WARN_BLOCK_CAPTURE_AUTORELEASING = YES;
				CLANG_WARN_BOOL_CONVERSION = YES;
				CLANG_WARN_COMMA = YES;
				CLANG_WARN_CONSTANT_CONVERSION = YES;
				CLANG_WARN_DEPRECATED_OBJC_IMPLEMENTATIONS = YES;
				CLANG_WARN_DIRECT_OBJC_ISA_USAGE = YES_ERROR;
				CLANG_WARN_DOCUMENTATION_COMMENTS = YES;
				CLANG_WARN_EMPTY_BODY = YES;
				CLANG_WARN_ENUM_CONVERSION = YES;
				CLANG_WARN_INFINITE_RECURSION = YES;
				CLANG_WARN_INT_CONVERSION = YES;
				CLANG_WARN_NON_LITERAL_NULL_CONVERSION = YES;
				CLANG_WARN_OBJC_IMPLICIT_RETAIN_SELF = YES;
				CLANG_WARN_OBJC_LITERAL_CONVERSION = YES;
				CLANG_WARN_OBJC_ROOT_CLASS = YES_ERROR;
				CLANG_WARN_RANGE_LOOP_ANALYSIS = YES;
				CLANG_WARN_STRICT_PROTOTYPES = YES;
				CLANG_WARN_SUSPICIOUS_MOVE = YES;
				CLANG_WARN_UNGUARDED_AVAILABILITY = YES_AGGRESSIVE;
				CLANG_WARN_UNREACHABLE_CODE = YES;
				CLANG_WARN__DUPLICATE_METHOD_MATCH = YES;
				CODE_SIGN_IDENTITY = "iPhone Developer";
				COPY_PHASE_STRIP = NO;
				DEBUG_INFORMATION_FORMAT = dwarf;
				ENABLE_STRICT_OBJC_MSGSEND = YES;
				ENABLE_TESTABILITY = YES;
				GCC_C_LANGUAGE_STANDARD = gnu11;
				GCC_DYNAMIC_NO_PIC = NO;
				GCC_NO_COMMON_BLOCKS = YES;
				GCC_OPTIMIZATION_LEVEL = 0;
				GCC_PREPROCESSOR_DEFINITIONS = (
					"DEBUG=1",
					"$(inherited)",
				);
				GCC_WARN_64_TO_32_BIT_CONVERSION = YES;
				GCC_WARN_ABOUT_RETURN_TYPE = YES_ERROR;
				GCC_WARN_UNDECLARED_SELECTOR = YES;
				GCC_WARN_UNINITIALIZED_AUTOS = YES_AGGRESSIVE;
				GCC_WARN_UNUSED_FUNCTION = YES;
				GCC_WARN_UNUSED_VARIABLE = YES;
				IPHONEOS_DEPLOYMENT_TARGET = 11.3;
				MTL_ENABLE_DEBUG_INFO = YES;
				ONLY_ACTIVE_ARCH = YES;
				SDKROOT = iphoneos;
				SWIFT_ACTIVE_COMPILATION_CONDITIONS = DEBUG;
				SWIFT_OPTIMIZATION_LEVEL = "-Onone";
			};
			name = Debug;
		};
		BA8C24E020A0B984000882B8 /* Release */ = {
			isa = XCBuildConfiguration;
			buildSettings = {
				ALWAYS_SEARCH_USER_PATHS = NO;
				CLANG_ANALYZER_NONNULL = YES;
				CLANG_ANALYZER_NUMBER_OBJECT_CONVERSION = YES_AGGRESSIVE;
				CLANG_CXX_LANGUAGE_STANDARD = "gnu++14";
				CLANG_CXX_LIBRARY = "libc++";
				CLANG_ENABLE_MODULES = YES;
				CLANG_ENABLE_OBJC_ARC = YES;
				CLANG_ENABLE_OBJC_WEAK = YES;
				CLANG_WARN_BLOCK_CAPTURE_AUTORELEASING = YES;
				CLANG_WARN_BOOL_CONVERSION = YES;
				CLANG_WARN_COMMA = YES;
				CLANG_WARN_CONSTANT_CONVERSION = YES;
				CLANG_WARN_DEPRECATED_OBJC_IMPLEMENTATIONS = YES;
				CLANG_WARN_DIRECT_OBJC_ISA_USAGE = YES_ERROR;
				CLANG_WARN_DOCUMENTATION_COMMENTS = YES;
				CLANG_WARN_EMPTY_BODY = YES;
				CLANG_WARN_ENUM_CONVERSION = YES;
				CLANG_WARN_INFINITE_RECURSION = YES;
				CLANG_WARN_INT_CONVERSION = YES;
				CLANG_WARN_NON_LITERAL_NULL_CONVERSION = YES;
				CLANG_WARN_OBJC_IMPLICIT_RETAIN_SELF = YES;
				CLANG_WARN_OBJC_LITERAL_CONVERSION = YES;
				CLANG_WARN_OBJC_ROOT_CLASS = YES_ERROR;
				CLANG_WARN_RANGE_LOOP_ANALYSIS = YES;
				CLANG_WARN_STRICT_PROTOTYPES = YES;
				CLANG_WARN_SUSPICIOUS_MOVE = YES;
				CLANG_WARN_UNGUARDED_AVAILABILITY = YES_AGGRESSIVE;
				CLANG_WARN_UNREACHABLE_CODE = YES;
				CLANG_WARN__DUPLICATE_METHOD_MATCH = YES;
				CODE_SIGN_IDENTITY = "iPhone Developer";
				COPY_PHASE_STRIP = NO;
				DEBUG_INFORMATION_FORMAT = "dwarf-with-dsym";
				ENABLE_NS_ASSERTIONS = NO;
				ENABLE_STRICT_OBJC_MSGSEND = YES;
				GCC_C_LANGUAGE_STANDARD = gnu11;
				GCC_NO_COMMON_BLOCKS = YES;
				GCC_WARN_64_TO_32_BIT_CONVERSION = YES;
				GCC_WARN_ABOUT_RETURN_TYPE = YES_ERROR;
				GCC_WARN_UNDECLARED_SELECTOR = YES;
				GCC_WARN_UNINITIALIZED_AUTOS = YES_AGGRESSIVE;
				GCC_WARN_UNUSED_FUNCTION = YES;
				GCC_WARN_UNUSED_VARIABLE = YES;
				IPHONEOS_DEPLOYMENT_TARGET = 11.3;
				MTL_ENABLE_DEBUG_INFO = NO;
				SDKROOT = iphoneos;
				SWIFT_COMPILATION_MODE = wholemodule;
				SWIFT_OPTIMIZATION_LEVEL = "-O";
				VALIDATE_PRODUCT = YES;
			};
			name = Release;
		};
		BA8C24E220A0B984000882B8 /* Debug */ = {
			isa = XCBuildConfiguration;
			baseConfigurationReference = 9AF14D71C1A4F6507FE4BCFB /* Pods-ProtonAssignment.debug.xcconfig */;
			buildSettings = {
				ASSETCATALOG_COMPILER_APPICON_NAME = AppIcon;
				CODE_SIGN_STYLE = Automatic;
				DEVELOPMENT_TEAM = "";
				INFOPLIST_FILE = ProtonAssignment/Ressources/Info.plist;
				LD_RUNPATH_SEARCH_PATHS = (
					"$(inherited)",
					"@executable_path/Frameworks",
				);
				PRODUCT_BUNDLE_IDENTIFIER = com.me.ProtonAssignment;
				PRODUCT_NAME = "$(TARGET_NAME)";
				SWIFT_VERSION = 3.0;
				TARGETED_DEVICE_FAMILY = 1;
			};
			name = Debug;
		};
		BA8C24E320A0B984000882B8 /* Release */ = {
			isa = XCBuildConfiguration;
			baseConfigurationReference = D53B0D65A52601EE8DBF46BE /* Pods-ProtonAssignment.release.xcconfig */;
			buildSettings = {
				ASSETCATALOG_COMPILER_APPICON_NAME = AppIcon;
				CODE_SIGN_STYLE = Automatic;
				DEVELOPMENT_TEAM = "";
				INFOPLIST_FILE = ProtonAssignment/Ressources/Info.plist;
				LD_RUNPATH_SEARCH_PATHS = (
					"$(inherited)",
					"@executable_path/Frameworks",
				);
				PRODUCT_BUNDLE_IDENTIFIER = com.me.ProtonAssignment;
				PRODUCT_NAME = "$(TARGET_NAME)";
				SWIFT_VERSION = 3.0;
				TARGETED_DEVICE_FAMILY = 1;
			};
			name = Release;
		};
		BA8C24E520A0B984000882B8 /* Debug */ = {
			isa = XCBuildConfiguration;
			baseConfigurationReference = 16F2858F8243D8B364F19E25 /* Pods-ProtonAssignmentTests.debug.xcconfig */;
			buildSettings = {
				ALWAYS_EMBED_SWIFT_STANDARD_LIBRARIES = YES;
				BUNDLE_LOADER = "$(TEST_HOST)";
				CODE_SIGN_STYLE = Automatic;
				DEVELOPMENT_TEAM = 7HFQM5S863;
				INFOPLIST_FILE = ProtonAssignmentTests/Info.plist;
				LD_RUNPATH_SEARCH_PATHS = (
					"$(inherited)",
					"@executable_path/Frameworks",
					"@loader_path/Frameworks",
				);
				PRODUCT_BUNDLE_IDENTIFIER = com.me.ProtonAssignmentTests;
				PRODUCT_NAME = "$(TARGET_NAME)";
				SWIFT_VERSION = 4.0;
				TARGETED_DEVICE_FAMILY = "1,2";
				TEST_HOST = "$(BUILT_PRODUCTS_DIR)/ProtonAssignment.app/ProtonAssignment";
			};
			name = Debug;
		};
		BA8C24E620A0B984000882B8 /* Release */ = {
			isa = XCBuildConfiguration;
			baseConfigurationReference = 1B7D46EA619707020888A6B4 /* Pods-ProtonAssignmentTests.release.xcconfig */;
			buildSettings = {
				ALWAYS_EMBED_SWIFT_STANDARD_LIBRARIES = YES;
				BUNDLE_LOADER = "$(TEST_HOST)";
				CODE_SIGN_STYLE = Automatic;
				DEVELOPMENT_TEAM = 7HFQM5S863;
				INFOPLIST_FILE = ProtonAssignmentTests/Info.plist;
				LD_RUNPATH_SEARCH_PATHS = (
					"$(inherited)",
					"@executable_path/Frameworks",
					"@loader_path/Frameworks",
				);
				PRODUCT_BUNDLE_IDENTIFIER = com.me.ProtonAssignmentTests;
				PRODUCT_NAME = "$(TARGET_NAME)";
				SWIFT_VERSION = 4.0;
				TARGETED_DEVICE_FAMILY = "1,2";
				TEST_HOST = "$(BUILT_PRODUCTS_DIR)/ProtonAssignment.app/ProtonAssignment";
			};
			name = Release;
		};
		BA8C24E820A0B984000882B8 /* Debug */ = {
			isa = XCBuildConfiguration;
			baseConfigurationReference = 8BA69D6052387D8A4EBC0B72 /* Pods-ProtonAssignmentUITests.debug.xcconfig */;
			buildSettings = {
				ALWAYS_EMBED_SWIFT_STANDARD_LIBRARIES = YES;
				CODE_SIGN_STYLE = Automatic;
				DEVELOPMENT_TEAM = 7HFQM5S863;
				INFOPLIST_FILE = ProtonAssignmentUITests/Info.plist;
				LD_RUNPATH_SEARCH_PATHS = (
					"$(inherited)",
					"@executable_path/Frameworks",
					"@loader_path/Frameworks",
				);
				PRODUCT_BUNDLE_IDENTIFIER = com.me.ProtonAssignmentUITests;
				PRODUCT_NAME = "$(TARGET_NAME)";
				SWIFT_VERSION = 4.0;
				TARGETED_DEVICE_FAMILY = "1,2";
				TEST_TARGET_NAME = ProtonAssignment;
			};
			name = Debug;
		};
		BA8C24E920A0B984000882B8 /* Release */ = {
			isa = XCBuildConfiguration;
			baseConfigurationReference = DCE3E7294570D153299DDD05 /* Pods-ProtonAssignmentUITests.release.xcconfig */;
			buildSettings = {
				ALWAYS_EMBED_SWIFT_STANDARD_LIBRARIES = YES;
				CODE_SIGN_STYLE = Automatic;
				DEVELOPMENT_TEAM = 7HFQM5S863;
				INFOPLIST_FILE = ProtonAssignmentUITests/Info.plist;
				LD_RUNPATH_SEARCH_PATHS = (
					"$(inherited)",
					"@executable_path/Frameworks",
					"@loader_path/Frameworks",
				);
				PRODUCT_BUNDLE_IDENTIFIER = com.me.ProtonAssignmentUITests;
				PRODUCT_NAME = "$(TARGET_NAME)";
				SWIFT_VERSION = 4.0;
				TARGETED_DEVICE_FAMILY = "1,2";
				TEST_TARGET_NAME = ProtonAssignment;
			};
			name = Release;
		};
/* End XCBuildConfiguration section */

/* Begin XCConfigurationList section */
		BA8C24B420A0B982000882B8 /* Build configuration list for PBXProject "ProtonAssignment" */ = {
			isa = XCConfigurationList;
			buildConfigurations = (
				BA8C24DF20A0B984000882B8 /* Debug */,
				BA8C24E020A0B984000882B8 /* Release */,
			);
			defaultConfigurationIsVisible = 0;
			defaultConfigurationName = Release;
		};
		BA8C24E120A0B984000882B8 /* Build configuration list for PBXNativeTarget "ProtonAssignment" */ = {
			isa = XCConfigurationList;
			buildConfigurations = (
				BA8C24E220A0B984000882B8 /* Debug */,
				BA8C24E320A0B984000882B8 /* Release */,
			);
			defaultConfigurationIsVisible = 0;
			defaultConfigurationName = Release;
		};
		BA8C24E420A0B984000882B8 /* Build configuration list for PBXNativeTarget "ProtonAssignmentTests" */ = {
			isa = XCConfigurationList;
			buildConfigurations = (
				BA8C24E520A0B984000882B8 /* Debug */,
				BA8C24E620A0B984000882B8 /* Release */,
			);
			defaultConfigurationIsVisible = 0;
			defaultConfigurationName = Release;
		};
		BA8C24E720A0B984000882B8 /* Build configuration list for PBXNativeTarget "ProtonAssignmentUITests" */ = {
			isa = XCConfigurationList;
			buildConfigurations = (
				BA8C24E820A0B984000882B8 /* Debug */,
				BA8C24E920A0B984000882B8 /* Release */,
			);
			defaultConfigurationIsVisible = 0;
			defaultConfigurationName = Release;
		};
/* End XCConfigurationList section */
	};
	rootObject = BA8C24B120A0B982000882B8 /* Project object */;
}
